
Microsoft Visual Studio Solution File, Format Version 12.00
# Visual Studio Version 17
VisualStudioVersion = 17.7.34202.233
MinimumVisualStudioVersion = 10.0.40219.1
Project("{FAE04EC0-301F-11D3-BF4B-00C04F79EFBC}") = "MazeChallengeBot", "MazeChallengeBot\MazeChallengeBot.csproj", "{E3E55A7B-B727-4014-BDCD-8FEF986E3839}"
EndProject
Global
	GlobalSection(SolutionConfigurationPlatforms) = preSolution
		Debug|Any CPU = Debug|Any CPU
		Release|Any CPU = Release|Any CPU
	EndGlobalSection
	GlobalSection(ProjectConfigurationPlatforms) = postSolution
		{E3E55A7B-B727-4014-BDCD-8FEF986E3839}.Debug|Any CPU.ActiveCfg = Debug|Any CPU
		{E3E55A7B-B727-4014-BDCD-8FEF986E3839}.Debug|Any CPU.Build.0 = Debug|Any CPU
		{E3E55A7B-B727-4014-BDCD-8FEF986E3839}.Release|Any CPU.ActiveCfg = Release|Any CPU
		{E3E55A7B-B727-4014-BDCD-8FEF986E3839}.Release|Any CPU.Build.0 = Release|Any CPU
	EndGlobalSection
	GlobalSection(SolutionProperties) = preSolution
		HideSolutionNode = FALSE
	EndGlobalSection
	GlobalSection(ExtensibilityGlobals) = postSolution
		SolutionGuid = {D03596F4-1EA3-4FB7-8F94-C4229C278AF3}
	EndGlobalSection
EndGlobal
